
Microsoft Visual Studio Solution File, Format Version 12.00
# Visual Studio Version 17
VisualStudioVersion = 17.0.31903.59
MinimumVisualStudioVersion = 10.0.40219.1
Project("{2150E333-8FDC-42A3-9474-1A3956D46DE8}") = "src", "src", "{827E0CD3-B72D-47B6-A68D-7590B98EB39B}"
EndProject
Project("{FAE04EC0-301F-11D3-BF4B-00C04F79EFBC}") = "Blazor2048", "src\Blazor2048\Blazor2048.csproj", "{A49B6CC9-819F-4FCC-8BB8-3AA0F0D7E001}"
EndProject
Project("{FAE04EC0-301F-11D3-BF4B-00C04F79EFBC}") = "Blazor2048.Tests", "tests\Blazor2048.Tests\Blazor2048.Tests.csproj", "{61AD04EC-1B67-4FC7-9ADB-10809B557BB8}"
EndProject
Project("{FAE04EC0-301F-11D3-BF4B-00C04F79EFBC}") = "Game2048.Core", "src\Game2048.Core\Game2048.Core.csproj", "{B8A39E41-23F9-4164-8304-6710060958FE}"
EndProject
Project("{2150E333-8FDC-42A3-9474-1A3956D46DE8}") = "tests", "tests", "{0AB3BF05-4346-4AA6-1389-037BE0695223}"
EndProject
Project("{FAE04EC0-301F-11D3-BF4B-00C04F79EFBC}") = "Blazor2048.ComponentTests", "tests\Blazor2048.ComponentTests\Blazor2048.ComponentTests.csproj", "{B5466C65-D0B6-4728-8544-18EAA9D2C655}"
EndProject
Project("{FAE04EC0-301F-11D3-BF4B-00C04F79EFBC}") = "Blazor2048.E2ETests", "tests\Blazor2048.E2ETests\Blazor2048.E2ETests.csproj", "{3EA245B8-3ABF-4F91-979E-2E5B21AB7233}"
EndProject
Project("{2150E333-8FDC-42A3-9474-1A3956D46DE8}") = "tools", "tools", "{07C2787E-EAC7-C090-1BA3-A61EC2A24D84}"
EndProject
Project("{FAE04EC0-301F-11D3-BF4B-00C04F79EFBC}") = "DocsBuilder", "tools\DocsBuilder\DocsBuilder.csproj", "{8F1F1E91-3126-4B5D-8528-47A26619530F}"
EndProject
Project("{FAE04EC0-301F-11D3-BF4B-00C04F79EFBC}") = "PerfTrace", "tools\PerfTrace\PerfTrace.csproj", "{248F7CD3-D139-4F05-BD1B-9AA865844646}"
EndProject
Global
	GlobalSection(SolutionConfigurationPlatforms) = preSolution
		Debug|Any CPU = Debug|Any CPU
		Debug|x64 = Debug|x64
		Debug|x86 = Debug|x86
		Release|Any CPU = Release|Any CPU
		Release|x64 = Release|x64
		Release|x86 = Release|x86
	EndGlobalSection
	GlobalSection(ProjectConfigurationPlatforms) = postSolution
		{A49B6CC9-819F-4FCC-8BB8-3AA0F0D7E001}.Debug|Any CPU.ActiveCfg = Debug|Any CPU
		{A49B6CC9-819F-4FCC-8BB8-3AA0F0D7E001}.Debug|Any CPU.Build.0 = Debug|Any CPU
		{A49B6CC9-819F-4FCC-8BB8-3AA0F0D7E001}.Debug|x64.ActiveCfg = Debug|Any CPU
		{A49B6CC9-819F-4FCC-8BB8-3AA0F0D7E001}.Debug|x64.Build.0 = Debug|Any CPU
		{A49B6CC9-819F-4FCC-8BB8-3AA0F0D7E001}.Debug|x86.ActiveCfg = Debug|Any CPU
		{A49B6CC9-819F-4FCC-8BB8-3AA0F0D7E001}.Debug|x86.Build.0 = Debug|Any CPU
		{A49B6CC9-819F-4FCC-8BB8-3AA0F0D7E001}.Release|Any CPU.ActiveCfg = Release|Any CPU
		{A49B6CC9-819F-4FCC-8BB8-3AA0F0D7E001}.Release|Any CPU.Build.0 = Release|Any CPU
		{A49B6CC9-819F-4FCC-8BB8-3AA0F0D7E001}.Release|x64.ActiveCfg = Release|Any CPU
		{A49B6CC9-819F-4FCC-8BB8-3AA0F0D7E001}.Release|x64.Build.0 = Release|Any CPU
		{A49B6CC9-819F-4FCC-8BB8-3AA0F0D7E001}.Release|x86.ActiveCfg = Release|Any CPU
		{A49B6CC9-819F-4FCC-8BB8-3AA0F0D7E001}.Release|x86.Build.0 = Release|Any CPU
		{61AD04EC-1B67-4FC7-9ADB-10809B557BB8}.Debug|Any CPU.ActiveCfg = Debug|Any CPU
		{61AD04EC-1B67-4FC7-9ADB-10809B557BB8}.Debug|Any CPU.Build.0 = Debug|Any CPU
		{61AD04EC-1B67-4FC7-9ADB-10809B557BB8}.Debug|x64.ActiveCfg = Debug|Any CPU
		{61AD04EC-1B67-4FC7-9ADB-10809B557BB8}.Debug|x64.Build.0 = Debug|Any CPU
		{61AD04EC-1B67-4FC7-9ADB-10809B557BB8}.Debug|x86.ActiveCfg = Debug|Any CPU
		{61AD04EC-1B67-4FC7-9ADB-10809B557BB8}.Debug|x86.Build.0 = Debug|Any CPU
		{61AD04EC-1B67-4FC7-9ADB-10809B557BB8}.Release|Any CPU.ActiveCfg = Release|Any CPU
		{61AD04EC-1B67-4FC7-9ADB-10809B557BB8}.Release|Any CPU.Build.0 = Release|Any CPU
		{61AD04EC-1B67-4FC7-9ADB-10809B557BB8}.Release|x64.ActiveCfg = Release|Any CPU
		{61AD04EC-1B67-4FC7-9ADB-10809B557BB8}.Release|x64.Build.0 = Release|Any CPU
		{61AD04EC-1B67-4FC7-9ADB-10809B557BB8}.Release|x86.ActiveCfg = Release|Any CPU
		{61AD04EC-1B67-4FC7-9ADB-10809B557BB8}.Release|x86.Build.0 = Release|Any CPU
		{B8A39E41-23F9-4164-8304-6710060958FE}.Debug|Any CPU.ActiveCfg = Debug|Any CPU
		{B8A39E41-23F9-4164-8304-6710060958FE}.Debug|Any CPU.Build.0 = Debug|Any CPU
		{B8A39E41-23F9-4164-8304-6710060958FE}.Debug|x64.ActiveCfg = Debug|Any CPU
		{B8A39E41-23F9-4164-8304-6710060958FE}.Debug|x64.Build.0 = Debug|Any CPU
		{B8A39E41-23F9-4164-8304-6710060958FE}.Debug|x86.ActiveCfg = Debug|Any CPU
		{B8A39E41-23F9-4164-8304-6710060958FE}.Debug|x86.Build.0 = Debug|Any CPU
		{B8A39E41-23F9-4164-8304-6710060958FE}.Release|Any CPU.ActiveCfg = Release|Any CPU
		{B8A39E41-23F9-4164-8304-6710060958FE}.Release|Any CPU.Build.0 = Release|Any CPU
		{B8A39E41-23F9-4164-8304-6710060958FE}.Release|x64.ActiveCfg = Release|Any CPU
		{B8A39E41-23F9-4164-8304-6710060958FE}.Release|x64.Build.0 = Release|Any CPU
		{B8A39E41-23F9-4164-8304-6710060958FE}.Release|x86.ActiveCfg = Release|Any CPU
		{B8A39E41-23F9-4164-8304-6710060958FE}.Release|x86.Build.0 = Release|Any CPU
		{B5466C65-D0B6-4728-8544-18EAA9D2C655}.Debug|Any CPU.ActiveCfg = Debug|Any CPU
		{B5466C65-D0B6-4728-8544-18EAA9D2C655}.Debug|Any CPU.Build.0 = Debug|Any CPU
		{B5466C65-D0B6-4728-8544-18EAA9D2C655}.Debug|x64.ActiveCfg = Debug|Any CPU
		{B5466C65-D0B6-4728-8544-18EAA9D2C655}.Debug|x64.Build.0 = Debug|Any CPU
		{B5466C65-D0B6-4728-8544-18EAA9D2C655}.Debug|x86.ActiveCfg = Debug|Any CPU
		{B5466C65-D0B6-4728-8544-18EAA9D2C655}.Debug|x86.Build.0 = Debug|Any CPU
		{B5466C65-D0B6-4728-8544-18EAA9D2C655}.Release|Any CPU.ActiveCfg = Release|Any CPU
		{B5466C65-D0B6-4728-8544-18EAA9D2C655}.Release|Any CPU.Build.0 = Release|Any CPU
		{B5466C65-D0B6-4728-8544-18EAA9D2C655}.Release|x64.ActiveCfg = Release|Any CPU
		{B5466C65-D0B6-4728-8544-18EAA9D2C655}.Release|x64.Build.0 = Release|Any CPU
		{B5466C65-D0B6-4728-8544-18EAA9D2C655}.Release|x86.ActiveCfg = Release|Any CPU
		{B5466C65-D0B6-4728-8544-18EAA9D2C655}.Release|x86.Build.0 = Release|Any CPU
		{3EA245B8-3ABF-4F91-979E-2E5B21AB7233}.Debug|Any CPU.ActiveCfg = Debug|Any CPU
		{3EA245B8-3ABF-4F91-979E-2E5B21AB7233}.Debug|Any CPU.Build.0 = Debug|Any CPU
		{3EA245B8-3ABF-4F91-979E-2E5B21AB7233}.Debug|x64.ActiveCfg = Debug|Any CPU
		{3EA245B8-3ABF-4F91-979E-2E5B21AB7233}.Debug|x64.Build.0 = Debug|Any CPU
		{3EA245B8-3ABF-4F91-979E-2E5B21AB7233}.Debug|x86.ActiveCfg = Debug|Any CPU
		{3EA245B8-3ABF-4F91-979E-2E5B21AB7233}.Debug|x86.Build.0 = Debug|Any CPU
		{3EA245B8-3ABF-4F91-979E-2E5B21AB7233}.Release|Any CPU.ActiveCfg = Release|Any CPU
		{3EA245B8-3ABF-4F91-979E-2E5B21AB7233}.Release|Any CPU.Build.0 = Release|Any CPU
		{3EA245B8-3ABF-4F91-979E-2E5B21AB7233}.Release|x64.ActiveCfg = Release|Any CPU
		{3EA245B8-3ABF-4F91-979E-2E5B21AB7233}.Release|x64.Build.0 = Release|Any CPU
		{3EA245B8-3ABF-4F91-979E-2E5B21AB7233}.Release|x86.ActiveCfg = Release|Any CPU
		{3EA245B8-3ABF-4F91-979E-2E5B21AB7233}.Release|x86.Build.0 = Release|Any CPU
		{8F1F1E91-3126-4B5D-8528-47A26619530F}.Debug|Any CPU.ActiveCfg = Debug|Any CPU
		{8F1F1E91-3126-4B5D-8528-47A26619530F}.Debug|Any CPU.Build.0 = Debug|Any CPU
		{8F1F1E91-3126-4B5D-8528-47A26619530F}.Debug|x64.ActiveCfg = Debug|Any CPU
		{8F1F1E91-3126-4B5D-8528-47A26619530F}.Debug|x64.Build.0 = Debug|Any CPU
		{8F1F1E91-3126-4B5D-8528-47A26619530F}.Debug|x86.ActiveCfg = Debug|Any CPU
		{8F1F1E91-3126-4B5D-8528-47A26619530F}.Debug|x86.Build.0 = Debug|Any CPU
		{8F1F1E91-3126-4B5D-8528-47A26619530F}.Release|Any CPU.ActiveCfg = Release|Any CPU
		{8F1F1E91-3126-4B5D-8528-47A26619530F}.Release|Any CPU.Build.0 = Release|Any CPU
		{8F1F1E91-3126-4B5D-8528-47A26619530F}.Release|x64.ActiveCfg = Release|Any CPU
		{8F1F1E91-3126-4B5D-8528-47A26619530F}.Release|x64.Build.0 = Release|Any CPU
		{8F1F1E91-3126-4B5D-8528-47A26619530F}.Release|x86.ActiveCfg = Release|Any CPU
		{8F1F1E91-3126-4B5D-8528-47A26619530F}.Release|x86.Build.0 = Release|Any CPU
		{248F7CD3-D139-4F05-BD1B-9AA865844646}.Debug|Any CPU.ActiveCfg = Debug|Any CPU
		{248F7CD3-D139-4F05-BD1B-9AA865844646}.Debug|Any CPU.Build.0 = Debug|Any CPU
		{248F7CD3-D139-4F05-BD1B-9AA865844646}.Debug|x64.ActiveCfg = Debug|Any CPU
		{248F7CD3-D139-4F05-BD1B-9AA865844646}.Debug|x64.Build.0 = Debug|Any CPU
		{248F7CD3-D139-4F05-BD1B-9AA865844646}.Debug|x86.ActiveCfg = Debug|Any CPU
		{248F7CD3-D139-4F05-BD1B-9AA865844646}.Debug|x86.Build.0 = Debug|Any CPU
		{248F7CD3-D139-4F05-BD1B-9AA865844646}.Release|Any CPU.ActiveCfg = Release|Any CPU
		{248F7CD3-D139-4F05-BD1B-9AA865844646}.Release|Any CPU.Build.0 = Release|Any CPU
		{248F7CD3-D139-4F05-BD1B-9AA865844646}.Release|x64.ActiveCfg = Release|Any CPU
		{248F7CD3-D139-4F05-BD1B-9AA865844646}.Release|x64.Build.0 = Release|Any CPU
		{248F7CD3-D139-4F05-BD1B-9AA865844646}.Release|x86.ActiveCfg = Release|Any CPU
		{248F7CD3-D139-4F05-BD1B-9AA865844646}.Release|x86.Build.0 = Release|Any CPU
	EndGlobalSection
	GlobalSection(SolutionProperties) = preSolution
		HideSolutionNode = FALSE
	EndGlobalSection
	GlobalSection(NestedProjects) = preSolution
		{A49B6CC9-819F-4FCC-8BB8-3AA0F0D7E001} = {827E0CD3-B72D-47B6-A68D-7590B98EB39B}
		{61AD04EC-1B67-4FC7-9ADB-10809B557BB8} = {827E0CD3-B72D-47B6-A68D-7590B98EB39B}
		{B8A39E41-23F9-4164-8304-6710060958FE} = {827E0CD3-B72D-47B6-A68D-7590B98EB39B}
		{B5466C65-D0B6-4728-8544-18EAA9D2C655} = {0AB3BF05-4346-4AA6-1389-037BE0695223}
		{3EA245B8-3ABF-4F91-979E-2E5B21AB7233} = {0AB3BF05-4346-4AA6-1389-037BE0695223}
		{8F1F1E91-3126-4B5D-8528-47A26619530F} = {07C2787E-EAC7-C090-1BA3-A61EC2A24D84}
		{248F7CD3-D139-4F05-BD1B-9AA865844646} = {07C2787E-EAC7-C090-1BA3-A61EC2A24D84}
	EndGlobalSection
EndGlobal
